
Microsoft Visual Studio Solution File, Format Version 12.00
# Visual Studio Version 16
VisualStudioVersion = 16.0.31005.135
MinimumVisualStudioVersion = 10.0.40219.1
Project("{FAE04EC0-301F-11D3-BF4B-00C04F79EFBC}") = "Bulma-Workbook", "Bulma-Workbook.csproj", "{C56F86D5-5CE8-4CF8-94B7-2046FA455C1E}"
EndProject
Global
	GlobalSection(SolutionConfigurationPlatforms) = preSolution
		Debug|Any CPU = Debug|Any CPU
		Release|Any CPU = Release|Any CPU
	EndGlobalSection
	GlobalSection(ProjectConfigurationPlatforms) = postSolution
		{C56F86D5-5CE8-4CF8-94B7-2046FA455C1E}.Debug|Any CPU.ActiveCfg = Debug|Any CPU
		{C56F86D5-5CE8-4CF8-94B7-2046FA455C1E}.Debug|Any CPU.Build.0 = Debug|Any CPU
		{C56F86D5-5CE8-4CF8-94B7-2046FA455C1E}.Release|Any CPU.ActiveCfg = Release|Any CPU
		{C56F86D5-5CE8-4CF8-94B7-2046FA455C1E}.Release|Any CPU.Build.0 = Release|Any CPU
	EndGlobalSection
	GlobalSection(SolutionProperties) = preSolution
		HideSolutionNode = FALSE
	EndGlobalSection
	GlobalSection(ExtensibilityGlobals) = postSolution
		SolutionGuid = {D47C19BC-3FFB-4FB0-BDD7-E798BC690E8D}
	EndGlobalSection
EndGlobal
